
Microsoft Visual Studio Solution File, Format Version 12.00
# Visual Studio Version 16
VisualStudioVersion = 16.0.31205.134
MinimumVisualStudioVersion = 10.0.40219.1
Project("{FAE04EC0-301F-11D3-BF4B-00C04F79EFBC}") = "BlazorEquationCalculator", "BlazorEquationCalculator\BlazorEquationCalculator.csproj", "{1223E9B9-43E5-4CF6-81D4-A647FD0C048B}"
EndProject
Project("{FAE04EC0-301F-11D3-BF4B-00C04F79EFBC}") = "MyMathEquation", "MyMathEquation\MyMathEquation.csproj", "{2708E541-696A-4BBD-B73F-C9EC16562313}"
EndProject
Global
	GlobalSection(SolutionConfigurationPlatforms) = preSolution
		Debug|Any CPU = Debug|Any CPU
		Release|Any CPU = Release|Any CPU
	EndGlobalSection
	GlobalSection(ProjectConfigurationPlatforms) = postSolution
		{1223E9B9-43E5-4CF6-81D4-A647FD0C048B}.Debug|Any CPU.ActiveCfg = Debug|Any CPU
		{1223E9B9-43E5-4CF6-81D4-A647FD0C048B}.Debug|Any CPU.Build.0 = Debug|Any CPU
		{1223E9B9-43E5-4CF6-81D4-A647FD0C048B}.Release|Any CPU.ActiveCfg = Release|Any CPU
		{1223E9B9-43E5-4CF6-81D4-A647FD0C048B}.Release|Any CPU.Build.0 = Release|Any CPU
		{2708E541-696A-4BBD-B73F-C9EC16562313}.Debug|Any CPU.ActiveCfg = Debug|Any CPU
		{2708E541-696A-4BBD-B73F-C9EC16562313}.Debug|Any CPU.Build.0 = Debug|Any CPU
		{2708E541-696A-4BBD-B73F-C9EC16562313}.Release|Any CPU.ActiveCfg = Release|Any CPU
		{2708E541-696A-4BBD-B73F-C9EC16562313}.Release|Any CPU.Build.0 = Release|Any CPU
	EndGlobalSection
	GlobalSection(SolutionProperties) = preSolution
		HideSolutionNode = FALSE
	EndGlobalSection
	GlobalSection(ExtensibilityGlobals) = postSolution
		SolutionGuid = {797FEB79-7B17-48B6-95F1-794F03675661}
	EndGlobalSection
EndGlobal
